
Microsoft Visual Studio Solution File, Format Version 12.00
# Visual Studio Version 16
VisualStudioVersion = 16.0.33927.289
MinimumVisualStudioVersion = 10.0.40219.1
Project("{2150E333-8FDC-42A3-9474-1A3956D46DE8}") = "Task0", "Task0", "{A02919E6-08D9-4840-859F-D95D81C737E7}"
EndProject
Project("{FAE04EC0-301F-11D3-BF4B-00C04F79EFBC}") = "Tyuiu.MorozAD.Sprint6.Task0.V13.Lib", "Tyuiu.MorozAD.Sprint6.Task0.V13.Lib\Tyuiu.MorozAD.Sprint6.Task0.V13.Lib.csproj", "{36C110A3-006D-49AD-A2B0-22E4C1C45051}"
EndProject
Project("{FAE04EC0-301F-11D3-BF4B-00C04F79EFBC}") = "Tyuiu.MorozAD.Sprint6.Task0.V13.Test", "Tyuiu.MorozAD.Sprint6.Task0.V13.Test\Tyuiu.MorozAD.Sprint6.Task0.V13.Test.csproj", "{47842E83-5105-4A9E-BCCE-D4D6AE0BDFFD}"
EndProject
Project("{FAE04EC0-301F-11D3-BF4B-00C04F79EFBC}") = "Tyuiu.MorozAD.Sprint6.Task0.V13", "Tyuiu.MorozAD.Sprint6.Task0.V13\Tyuiu.MorozAD.Sprint6.Task0.V13.csproj", "{AE4C7CC4-2E7E-408F-A030-00DA900D1B2B}"
EndProject
Project("{2150E333-8FDC-42A3-9474-1A3956D46DE8}") = "Task1", "Task1", "{631564BE-B72C-45A9-BAFC-1893F37CE0C2}"
EndProject
Project("{FAE04EC0-301F-11D3-BF4B-00C04F79EFBC}") = "Tyuiu.MorozAD.Sprint6.Task1.V2.Lib", "Tyuiu.MorozAD.Sprint6.Task1.V2.Lib\Tyuiu.MorozAD.Sprint6.Task1.V2.Lib.csproj", "{BA55972D-5FFD-40D3-AF89-199429DA1FF6}"
EndProject
Project("{FAE04EC0-301F-11D3-BF4B-00C04F79EFBC}") = "Tyuiu.MorozAD.Sprint6.Task1.V2.Test", "Tyuiu.MorozAD.Sprint6.Task1.V2.Test\Tyuiu.MorozAD.Sprint6.Task1.V2.Test.csproj", "{55925769-98F8-4A82-B6EC-98C551DEFE52}"
EndProject
Project("{FAE04EC0-301F-11D3-BF4B-00C04F79EFBC}") = "Tyuiu.MorozAD.Sprint6.Task1.V2", "Tyuiu.MorozAD.Sprint6.Task1.V2\Tyuiu.MorozAD.Sprint6.Task1.V2.csproj", "{2BFBAE8B-4F36-4F20-9889-F24A5247ECC5}"
EndProject
Project("{2150E333-8FDC-42A3-9474-1A3956D46DE8}") = "NewFolder1", "NewFolder1", "{A5AE7F97-F70B-4F54-8023-789838B6E92E}"
EndProject
Project("{FAE04EC0-301F-11D3-BF4B-00C04F79EFBC}") = "Tyuiu.MorozAD.Sprint6.Task2.V5.Lib", "Tyuiu.MorozAD.Sprint6.Task2.V5.Lib\Tyuiu.MorozAD.Sprint6.Task2.V5.Lib.csproj", "{80B282D5-D06D-4D98-9EFA-BE56F358EF40}"
EndProject
Project("{FAE04EC0-301F-11D3-BF4B-00C04F79EFBC}") = "Tyuiu.MorozAD.Sprint6.Task2.V5.Test", "Tyuiu.MorozAD.Sprint6.Task2.V5.Test\Tyuiu.MorozAD.Sprint6.Task2.V5.Test.csproj", "{B8F5B1DC-CE81-47E1-A015-873F6F47B363}"
EndProject
Project("{FAE04EC0-301F-11D3-BF4B-00C04F79EFBC}") = "Tyuiu.MorozAD.Sprint6.Task2.V5", "Tyuiu.MorozAD.Sprint6.Task2.V5\Tyuiu.MorozAD.Sprint6.Task2.V5.csproj", "{D91D48A1-4F6A-4F64-97C6-38FB1E33915F}"
EndProject
Global
	GlobalSection(SolutionConfigurationPlatforms) = preSolution
		Debug|Any CPU = Debug|Any CPU
		Release|Any CPU = Release|Any CPU
	EndGlobalSection
	GlobalSection(ProjectConfigurationPlatforms) = postSolution
		{36C110A3-006D-49AD-A2B0-22E4C1C45051}.Debug|Any CPU.ActiveCfg = Debug|Any CPU
		{36C110A3-006D-49AD-A2B0-22E4C1C45051}.Debug|Any CPU.Build.0 = Debug|Any CPU
		{36C110A3-006D-49AD-A2B0-22E4C1C45051}.Release|Any CPU.ActiveCfg = Release|Any CPU
		{36C110A3-006D-49AD-A2B0-22E4C1C45051}.Release|Any CPU.Build.0 = Release|Any CPU
		{47842E83-5105-4A9E-BCCE-D4D6AE0BDFFD}.Debug|Any CPU.ActiveCfg = Debug|Any CPU
		{47842E83-5105-4A9E-BCCE-D4D6AE0BDFFD}.Debug|Any CPU.Build.0 = Debug|Any CPU
		{47842E83-5105-4A9E-BCCE-D4D6AE0BDFFD}.Release|Any CPU.ActiveCfg = Release|Any CPU
		{47842E83-5105-4A9E-BCCE-D4D6AE0BDFFD}.Release|Any CPU.Build.0 = Release|Any CPU
		{AE4C7CC4-2E7E-408F-A030-00DA900D1B2B}.Debug|Any CPU.ActiveCfg = Debug|Any CPU
		{AE4C7CC4-2E7E-408F-A030-00DA900D1B2B}.Debug|Any CPU.Build.0 = Debug|Any CPU
		{AE4C7CC4-2E7E-408F-A030-00DA900D1B2B}.Release|Any CPU.ActiveCfg = Release|Any CPU
		{AE4C7CC4-2E7E-408F-A030-00DA900D1B2B}.Release|Any CPU.Build.0 = Release|Any CPU
		{BA55972D-5FFD-40D3-AF89-199429DA1FF6}.Debug|Any CPU.ActiveCfg = Debug|Any CPU
		{BA55972D-5FFD-40D3-AF89-199429DA1FF6}.Debug|Any CPU.Build.0 = Debug|Any CPU
		{BA55972D-5FFD-40D3-AF89-199429DA1FF6}.Release|Any CPU.ActiveCfg = Release|Any CPU
		{BA55972D-5FFD-40D3-AF89-199429DA1FF6}.Release|Any CPU.Build.0 = Release|Any CPU
		{55925769-98F8-4A82-B6EC-98C551DEFE52}.Debug|Any CPU.ActiveCfg = Debug|Any CPU
		{55925769-98F8-4A82-B6EC-98C551DEFE52}.Debug|Any CPU.Build.0 = Debug|Any CPU
		{55925769-98F8-4A82-B6EC-98C551DEFE52}.Release|Any CPU.ActiveCfg = Release|Any CPU
		{55925769-98F8-4A82-B6EC-98C551DEFE52}.Release|Any CPU.Build.0 = Release|Any CPU
		{2BFBAE8B-4F36-4F20-9889-F24A5247ECC5}.Debug|Any CPU.ActiveCfg = Debug|Any CPU
		{2BFBAE8B-4F36-4F20-9889-F24A5247ECC5}.Debug|Any CPU.Build.0 = Debug|Any CPU
		{2BFBAE8B-4F36-4F20-9889-F24A5247ECC5}.Release|Any CPU.ActiveCfg = Release|Any CPU
		{2BFBAE8B-4F36-4F20-9889-F24A5247ECC5}.Release|Any CPU.Build.0 = Release|Any CPU
		{80B282D5-D06D-4D98-9EFA-BE56F358EF40}.Debug|Any CPU.ActiveCfg = Debug|Any CPU
		{80B282D5-D06D-4D98-9EFA-BE56F358EF40}.Debug|Any CPU.Build.0 = Debug|Any CPU
		{80B282D5-D06D-4D98-9EFA-BE56F358EF40}.Release|Any CPU.ActiveCfg = Release|Any CPU
		{80B282D5-D06D-4D98-9EFA-BE56F358EF40}.Release|Any CPU.Build.0 = Release|Any CPU
		{B8F5B1DC-CE81-47E1-A015-873F6F47B363}.Debug|Any CPU.ActiveCfg = Debug|Any CPU
		{B8F5B1DC-CE81-47E1-A015-873F6F47B363}.Debug|Any CPU.Build.0 = Debug|Any CPU
		{B8F5B1DC-CE81-47E1-A015-873F6F47B363}.Release|Any CPU.ActiveCfg = Release|Any CPU
		{B8F5B1DC-CE81-47E1-A015-873F6F47B363}.Release|Any CPU.Build.0 = Release|Any CPU
		{D91D48A1-4F6A-4F64-97C6-38FB1E33915F}.Debug|Any CPU.ActiveCfg = Debug|Any CPU
		{D91D48A1-4F6A-4F64-97C6-38FB1E33915F}.Debug|Any CPU.Build.0 = Debug|Any CPU
		{D91D48A1-4F6A-4F64-97C6-38FB1E33915F}.Release|Any CPU.ActiveCfg = Release|Any CPU
		{D91D48A1-4F6A-4F64-97C6-38FB1E33915F}.Release|Any CPU.Build.0 = Release|Any CPU
	EndGlobalSection
	GlobalSection(SolutionProperties) = preSolution
		HideSolutionNode = FALSE
	EndGlobalSection
	GlobalSection(NestedProjects) = preSolution
		{36C110A3-006D-49AD-A2B0-22E4C1C45051} = {A02919E6-08D9-4840-859F-D95D81C737E7}
		{47842E83-5105-4A9E-BCCE-D4D6AE0BDFFD} = {A02919E6-08D9-4840-859F-D95D81C737E7}
		{AE4C7CC4-2E7E-408F-A030-00DA900D1B2B} = {A02919E6-08D9-4840-859F-D95D81C737E7}
		{BA55972D-5FFD-40D3-AF89-199429DA1FF6} = {631564BE-B72C-45A9-BAFC-1893F37CE0C2}
		{55925769-98F8-4A82-B6EC-98C551DEFE52} = {631564BE-B72C-45A9-BAFC-1893F37CE0C2}
		{2BFBAE8B-4F36-4F20-9889-F24A5247ECC5} = {631564BE-B72C-45A9-BAFC-1893F37CE0C2}
		{80B282D5-D06D-4D98-9EFA-BE56F358EF40} = {A5AE7F97-F70B-4F54-8023-789838B6E92E}
		{B8F5B1DC-CE81-47E1-A015-873F6F47B363} = {A5AE7F97-F70B-4F54-8023-789838B6E92E}
		{D91D48A1-4F6A-4F64-97C6-38FB1E33915F} = {A5AE7F97-F70B-4F54-8023-789838B6E92E}
	EndGlobalSection
	GlobalSection(ExtensibilityGlobals) = postSolution
		SolutionGuid = {3EB52CC4-7DD4-4D85-92FD-CE842205E2AF}
	EndGlobalSection
EndGlobal
